// !$*UTF8*$!
{
	archiveVersion = 1;
	classes = {
	};
	objectVersion = 46;
	objects = {

/* Begin PBXBuildFile section */
		45013CB5153F0246007A557F /* HSImageEncryptor.m in Sources */ = {isa = PBXBuildFile; fileRef = 45013CB4153F0246007A557F /* HSImageEncryptor.m */; };
		45013CB7153F0342007A557F /* Security-Camera.icns in Resources */ = {isa = PBXBuildFile; fileRef = 45013CB6153F0342007A557F /* Security-Camera.icns */; };
		45013CB9153F03F4007A557F /* camera.icns in Resources */ = {isa = PBXBuildFile; fileRef = 45013CB8153F03F4007A557F /* camera.icns */; };
		45013CBD153F049F007A557F /* search.icns in Resources */ = {isa = PBXBuildFile; fileRef = 45013CBC153F049F007A557F /* search.icns */; };
		45081C261552E846005674CA /* COPYING in Resources */ = {isa = PBXBuildFile; fileRef = 45081C251552E846005674CA /* COPYING */; };
		451678B91537A99A00B45007 /* Cocoa.framework in Frameworks */ = {isa = PBXBuildFile; fileRef = 451678B81537A99A00B45007 /* Cocoa.framework */; };
		451678C31537A99A00B45007 /* InfoPlist.strings in Resources */ = {isa = PBXBuildFile; fileRef = 451678C11537A99A00B45007 /* InfoPlist.strings */; };
		451678C51537A99A00B45007 /* main.m in Sources */ = {isa = PBXBuildFile; fileRef = 451678C41537A99A00B45007 /* main.m */; };
		451678C91537A99A00B45007 /* Credits.rtf in Resources */ = {isa = PBXBuildFile; fileRef = 451678C71537A99A00B45007 /* Credits.rtf */; };
		451678CC1537A99A00B45007 /* spyAppDelegate.m in Sources */ = {isa = PBXBuildFile; fileRef = 451678CB1537A99A00B45007 /* spyAppDelegate.m */; };
		451678CF1537A99A00B45007 /* MainMenu.xib in Resources */ = {isa = PBXBuildFile; fileRef = 451678CD1537A99A00B45007 /* MainMenu.xib */; };
		451678D71537A99B00B45007 /* SenTestingKit.framework in Frameworks */ = {isa = PBXBuildFile; fileRef = 451678D61537A99B00B45007 /* SenTestingKit.framework */; };
		451678D81537A99B00B45007 /* Cocoa.framework in Frameworks */ = {isa = PBXBuildFile; fileRef = 451678B81537A99A00B45007 /* Cocoa.framework */; };
		451678E01537A99B00B45007 /* InfoPlist.strings in Resources */ = {isa = PBXBuildFile; fileRef = 451678DE1537A99B00B45007 /* InfoPlist.strings */; };
		451678E31537A99B00B45007 /* SpyToolsTests.m in Sources */ = {isa = PBXBuildFile; fileRef = 451678E21537A99B00B45007 /* SpyToolsTests.m */; };
		451EA7B5153DC167006ECB1D /* sputnik.icns in Resources */ = {isa = PBXBuildFile; fileRef = 451EA7B4153DC167006ECB1D /* sputnik.icns */; };
		45240A0D153DAEE90029B229 /* HSCryptoFunctions.m in Sources */ = {isa = PBXBuildFile; fileRef = 45240A0C153DAEE90029B229 /* HSCryptoFunctions.m */; };
		45240A15153DB1470029B229 /* HSTextEncryptor.m in Sources */ = {isa = PBXBuildFile; fileRef = 45240A14153DB1470029B229 /* HSTextEncryptor.m */; };
		4530828015404D3300AA38EB /* HSKeyLibrary.m in Sources */ = {isa = PBXBuildFile; fileRef = 4530827F15404D3300AA38EB /* HSKeyLibrary.m */; };
		45308283154064A200AA38EB /* README.txt in Resources */ = {isa = PBXBuildFile; fileRef = 45308282154064A200AA38EB /* README.txt */; };
		45D7665E153F526200F41EED /* 1984.txt in Resources */ = {isa = PBXBuildFile; fileRef = 45D7665D153F526200F41EED /* 1984.txt */; };
/* End PBXBuildFile section */

/* Begin PBXContainerItemProxy section */
		451678D91537A99B00B45007 /* PBXContainerItemProxy */ = {
			isa = PBXContainerItemProxy;
			containerPortal = 451678AB1537A99900B45007 /* Project object */;
			proxyType = 1;
			remoteGlobalIDString = 451678B31537A99A00B45007;
			remoteInfo = SpyTools;
		};
/* End PBXContainerItemProxy section */

/* Begin PBXFileReference section */
		45013CB3153F0246007A557F /* HSImageEncryptor.h */ = {isa = PBXFileReference; fileEncoding = 4; lastKnownFileType = sourcecode.c.h; path = HSImageEncryptor.h; sourceTree = "<group>"; };
		45013CB4153F0246007A557F /* HSImageEncryptor.m */ = {isa = PBXFileReference; fileEncoding = 4; lastKnownFileType = sourcecode.c.objc; path = HSImageEncryptor.m; sourceTree = "<group>"; };
		45013CB6153F0342007A557F /* Security-Camera.icns */ = {isa = PBXFileReference; lastKnownFileType = image.icns; name = "Security-Camera.icns"; path = "../Security-Camera.icns"; sourceTree = "<group>"; };
		45013CB8153F03F4007A557F /* camera.icns */ = {isa = PBXFileReference; lastKnownFileType = image.icns; name = camera.icns; path = ../camera.icns; sourceTree = "<group>"; };
		45013CBC153F049F007A557F /* search.icns */ = {isa = PBXFileReference; lastKnownFileType = image.icns; name = search.icns; path = ../search.icns; sourceTree = "<group>"; };
		45081C251552E846005674CA /* COPYING */ = {isa = PBXFileReference; fileEncoding = 4; lastKnownFileType = text; path = COPYING; sourceTree = "<group>"; };
		451678B41537A99A00B45007 /* SpyTools.app */ = {isa = PBXFileReference; explicitFileType = wrapper.application; includeInIndex = 0; path = SpyTools.app; sourceTree = BUILT_PRODUCTS_DIR; };
		451678B81537A99A00B45007 /* Cocoa.framework */ = {isa = PBXFileReference; lastKnownFileType = wrapper.framework; name = Cocoa.framework; path = System/Library/Frameworks/Cocoa.framework; sourceTree = SDKROOT; };
		451678BB1537A99A00B45007 /* AppKit.framework */ = {isa = PBXFileReference; lastKnownFileType = wrapper.framework; name = AppKit.framework; path = System/Library/Frameworks/AppKit.framework; sourceTree = SDKROOT; };
		451678BC1537A99A00B45007 /* CoreData.framework */ = {isa = PBXFileReference; lastKnownFileType = wrapper.framework; name = CoreData.framework; path = System/Library/Frameworks/CoreData.framework; sourceTree = SDKROOT; };
		451678BD1537A99A00B45007 /* Foundation.framework */ = {isa = PBXFileReference; lastKnownFileType = wrapper.framework; name = Foundation.framework; path = System/Library/Frameworks/Foundation.framework; sourceTree = SDKROOT; };
		451678C01537A99A00B45007 /* SpyTools-Info.plist */ = {isa = PBXFileReference; lastKnownFileType = text.plist.xml; path = "SpyTools-Info.plist"; sourceTree = "<group>"; };
		451678C21537A99A00B45007 /* en */ = {isa = PBXFileReference; lastKnownFileType = text.plist.strings; name = en; path = en.lproj/InfoPlist.strings; sourceTree = "<group>"; };
		451678C41537A99A00B45007 /* main.m */ = {isa = PBXFileReference; lastKnownFileType = sourcecode.c.objc; path = main.m; sourceTree = "<group>"; };
		451678C61537A99A00B45007 /* SpyTools-Prefix.pch */ = {isa = PBXFileReference; lastKnownFileType = sourcecode.c.h; path = "SpyTools-Prefix.pch"; sourceTree = "<group>"; };
		451678C81537A99A00B45007 /* en */ = {isa = PBXFileReference; lastKnownFileType = text.rtf; name = en; path = en.lproj/Credits.rtf; sourceTree = "<group>"; };
		451678CA1537A99A00B45007 /* spyAppDelegate.h */ = {isa = PBXFileReference; lastKnownFileType = sourcecode.c.h; path = spyAppDelegate.h; sourceTree = "<group>"; };
		451678CB1537A99A00B45007 /* spyAppDelegate.m */ = {isa = PBXFileReference; lastKnownFileType = sourcecode.c.objc; path = spyAppDelegate.m; sourceTree = "<group>"; };
		451678CE1537A99A00B45007 /* en */ = {isa = PBXFileReference; lastKnownFileType = file.xib; name = en; path = en.lproj/MainMenu.xib; sourceTree = "<group>"; };
		451678D51537A99B00B45007 /* SpyToolsTests.octest */ = {isa = PBXFileReference; explicitFileType = wrapper.cfbundle; includeInIndex = 0; path = SpyToolsTests.octest; sourceTree = BUILT_PRODUCTS_DIR; };
		451678D61537A99B00B45007 /* SenTestingKit.framework */ = {isa = PBXFileReference; lastKnownFileType = wrapper.framework; name = SenTestingKit.framework; path = Library/Frameworks/SenTestingKit.framework; sourceTree = DEVELOPER_DIR; };
		451678DD1537A99B00B45007 /* SpyToolsTests-Info.plist */ = {isa = PBXFileReference; lastKnownFileType = text.plist.xml; path = "SpyToolsTests-Info.plist"; sourceTree = "<group>"; };
		451678DF1537A99B00B45007 /* en */ = {isa = PBXFileReference; lastKnownFileType = text.plist.strings; name = en; path = en.lproj/InfoPlist.strings; sourceTree = "<group>"; };
		451678E11537A99B00B45007 /* SpyToolsTests.h */ = {isa = PBXFileReference; lastKnownFileType = sourcecode.c.h; path = SpyToolsTests.h; sourceTree = "<group>"; };
		451678E21537A99B00B45007 /* SpyToolsTests.m */ = {isa = PBXFileReference; lastKnownFileType = sourcecode.c.objc; path = SpyToolsTests.m; sourceTree = "<group>"; };
		451EA7B4153DC167006ECB1D /* sputnik.icns */ = {isa = PBXFileReference; lastKnownFileType = image.icns; name = sputnik.icns; path = ../sputnik.icns; sourceTree = "<group>"; };
		45240A0B153DAEE90029B229 /* HSCryptoFunctions.h */ = {isa = PBXFileReference; fileEncoding = 4; lastKnownFileType = sourcecode.c.h; path = HSCryptoFunctions.h; sourceTree = "<group>"; };
		45240A0C153DAEE90029B229 /* HSCryptoFunctions.m */ = {isa = PBXFileReference; fileEncoding = 4; lastKnownFileType = sourcecode.c.objc; path = HSCryptoFunctions.m; sourceTree = "<group>"; };
		45240A13153DB1470029B229 /* HSTextEncryptor.h */ = {isa = PBXFileReference; fileEncoding = 4; lastKnownFileType = sourcecode.c.h; path = HSTextEncryptor.h; sourceTree = "<group>"; };
		45240A14153DB1470029B229 /* HSTextEncryptor.m */ = {isa = PBXFileReference; fileEncoding = 4; lastKnownFileType = sourcecode.c.objc; path = HSTextEncryptor.m; sourceTree = "<group>"; };
		4530827E15404D3200AA38EB /* HSKeyLibrary.h */ = {isa = PBXFileReference; fileEncoding = 4; lastKnownFileType = sourcecode.c.h; path = HSKeyLibrary.h; sourceTree = "<group>"; };
		4530827F15404D3300AA38EB /* HSKeyLibrary.m */ = {isa = PBXFileReference; fileEncoding = 4; lastKnownFileType = sourcecode.c.objc; path = HSKeyLibrary.m; sourceTree = "<group>"; };
		45308282154064A200AA38EB /* README.txt */ = {isa = PBXFileReference; fileEncoding = 4; lastKnownFileType = text; path = README.txt; sourceTree = "<group>"; };
		45D7665D153F526200F41EED /* 1984.txt */ = {isa = PBXFileReference; fileEncoding = 4; lastKnownFileType = text; path = 1984.txt; sourceTree = "<group>"; };
/* End PBXFileReference section */

/* Begin PBXFrameworksBuildPhase section */
		451678B11537A99A00B45007 /* Frameworks */ = {
			isa = PBXFrameworksBuildPhase;
			buildActionMask = 2147483647;
			files = (
				451678B91537A99A00B45007 /* Cocoa.framework in Frameworks */,
			);
			runOnlyForDeploymentPostprocessing = 0;
		};
		451678D11537A99B00B45007 /* Frameworks */ = {
			isa = PBXFrameworksBuildPhase;
			buildActionMask = 2147483647;
			files = (
				451678D71537A99B00B45007 /* SenTestingKit.framework in Frameworks */,
				451678D81537A99B00B45007 /* Cocoa.framework in Frameworks */,
			);
			runOnlyForDeploymentPostprocessing = 0;
		};
/* End PBXFrameworksBuildPhase section */

/* Begin PBXGroup section */
		451678A91537A99900B45007 = {
			isa = PBXGroup;
			children = (
				45308282154064A200AA38EB /* README.txt */,
				451678BE1537A99A00B45007 /* SpyTools */,
				451678DB1537A99B00B45007 /* SpyToolsTests */,
				451678B71537A99A00B45007 /* Frameworks */,
				451678B51537A99A00B45007 /* Products */,
			);
			sourceTree = "<group>";
		};
		451678B51537A99A00B45007 /* Products */ = {
			isa = PBXGroup;
			children = (
				451678B41537A99A00B45007 /* SpyTools.app */,
				451678D51537A99B00B45007 /* SpyToolsTests.octest */,
			);
			name = Products;
			sourceTree = "<group>";
		};
		451678B71537A99A00B45007 /* Frameworks */ = {
			isa = PBXGroup;
			children = (
				451678B81537A99A00B45007 /* Cocoa.framework */,
				451678D61537A99B00B45007 /* SenTestingKit.framework */,
				451678BA1537A99A00B45007 /* Other Frameworks */,
			);
			name = Frameworks;
			sourceTree = "<group>";
		};
		451678BA1537A99A00B45007 /* Other Frameworks */ = {
			isa = PBXGroup;
			children = (
				451678BB1537A99A00B45007 /* AppKit.framework */,
				451678BC1537A99A00B45007 /* CoreData.framework */,
				451678BD1537A99A00B45007 /* Foundation.framework */,
			);
			name = "Other Frameworks";
			sourceTree = "<group>";
		};
		451678BE1537A99A00B45007 /* SpyTools */ = {
			isa = PBXGroup;
			children = (
				4530827E15404D3200AA38EB /* HSKeyLibrary.h */,
				4530827F15404D3300AA38EB /* HSKeyLibrary.m */,
				45240A0B153DAEE90029B229 /* HSCryptoFunctions.h */,
				45240A0C153DAEE90029B229 /* HSCryptoFunctions.m */,
				45240A13153DB1470029B229 /* HSTextEncryptor.h */,
				45240A14153DB1470029B229 /* HSTextEncryptor.m */,
				45013CB3153F0246007A557F /* HSImageEncryptor.h */,
				45013CB4153F0246007A557F /* HSImageEncryptor.m */,
				451678CA1537A99A00B45007 /* spyAppDelegate.h */,
				451678CB1537A99A00B45007 /* spyAppDelegate.m */,
				451678CD1537A99A00B45007 /* MainMenu.xib */,
				451678BF1537A99A00B45007 /* Supporting Files */,
			);
			path = SpyTools;
			sourceTree = "<group>";
		};
		451678BF1537A99A00B45007 /* Supporting Files */ = {
			isa = PBXGroup;
			children = (
				451EA7B4153DC167006ECB1D /* sputnik.icns */,
				45013CB8153F03F4007A557F /* camera.icns */,
				45013CBC153F049F007A557F /* search.icns */,
				45013CB6153F0342007A557F /* Security-Camera.icns */,
				45D7665D153F526200F41EED /* 1984.txt */,
				451678C01537A99A00B45007 /* SpyTools-Info.plist */,
				451678C11537A99A00B45007 /* InfoPlist.strings */,
				451678C41537A99A00B45007 /* main.m */,
				451678C61537A99A00B45007 /* SpyTools-Prefix.pch */,
				451678C71537A99A00B45007 /* Credits.rtf */,
				45081C251552E846005674CA /* COPYING */,
			);
			name = "Supporting Files";
			sourceTree = "<group>";
		};
		451678DB1537A99B00B45007 /* SpyToolsTests */ = {
			isa = PBXGroup;
			children = (
				451678E11537A99B00B45007 /* SpyToolsTests.h */,
				451678E21537A99B00B45007 /* SpyToolsTests.m */,
				451678DC1537A99B00B45007 /* Supporting Files */,
			);
			path = SpyToolsTests;
			sourceTree = "<group>";
		};
		451678DC1537A99B00B45007 /* Supporting Files */ = {
			isa = PBXGroup;
			children = (
				451678DD1537A99B00B45007 /* SpyToolsTests-Info.plist */,
				451678DE1537A99B00B45007 /* InfoPlist.strings */,
			);
			name = "Supporting Files";
			sourceTree = "<group>";
		};
/* End PBXGroup section */

/* Begin PBXNativeTarget section */
		451678B31537A99A00B45007 /* SpyTools */ = {
			isa = PBXNativeTarget;
			buildConfigurationList = 451678E61537A99B00B45007 /* Build configuration list for PBXNativeTarget "SpyTools" */;
			buildPhases = (
				451678B01537A99A00B45007 /* Sources */,
				451678B11537A99A00B45007 /* Frameworks */,
				451678B21537A99A00B45007 /* Resources */,
			);
			buildRules = (
			);
			dependencies = (
			);
			name = SpyTools;
			productName = SpyTools;
			productReference = 451678B41537A99A00B45007 /* SpyTools.app */;
			productType = "com.apple.product-type.application";
		};
		451678D41537A99B00B45007 /* SpyToolsTests */ = {
			isa = PBXNativeTarget;
			buildConfigurationList = 451678E91537A99B00B45007 /* Build configuration list for PBXNativeTarget "SpyToolsTests" */;
			buildPhases = (
				451678D01537A99B00B45007 /* Sources */,
				451678D11537A99B00B45007 /* Frameworks */,
				451678D21537A99B00B45007 /* Resources */,
				451678D31537A99B00B45007 /* ShellScript */,
			);
			buildRules = (
			);
			dependencies = (
				451678DA1537A99B00B45007 /* PBXTargetDependency */,
			);
			name = SpyToolsTests;
			productName = SpyToolsTests;
			productReference = 451678D51537A99B00B45007 /* SpyToolsTests.octest */;
			productType = "com.apple.product-type.bundle";
		};
/* End PBXNativeTarget section */

/* Begin PBXProject section */
		451678AB1537A99900B45007 /* Project object */ = {
			isa = PBXProject;
			attributes = {
				CLASSPREFIX = spy;
				LastUpgradeCheck = 0430;
			};
			buildConfigurationList = 451678AE1537A99900B45007 /* Build configuration list for PBXProject "SpyTools" */;
			compatibilityVersion = "Xcode 3.2";
			developmentRegion = English;
			hasScannedForEncodings = 0;
			knownRegions = (
				en,
			);
			mainGroup = 451678A91537A99900B45007;
			productRefGroup = 451678B51537A99A00B45007 /* Products */;
			projectDirPath = "";
			projectRoot = "";
			targets = (
				451678B31537A99A00B45007 /* SpyTools */,
				451678D41537A99B00B45007 /* SpyToolsTests */,
			);
		};
/* End PBXProject section */

/* Begin PBXResourcesBuildPhase section */
		451678B21537A99A00B45007 /* Resources */ = {
			isa = PBXResourcesBuildPhase;
			buildActionMask = 2147483647;
			files = (
				451678C31537A99A00B45007 /* InfoPlist.strings in Resources */,
				451678C91537A99A00B45007 /* Credits.rtf in Resources */,
				451678CF1537A99A00B45007 /* MainMenu.xib in Resources */,
				451EA7B5153DC167006ECB1D /* sputnik.icns in Resources */,
				45013CB7153F0342007A557F /* Security-Camera.icns in Resources */,
				45013CB9153F03F4007A557F /* camera.icns in Resources */,
				45013CBD153F049F007A557F /* search.icns in Resources */,
				45D7665E153F526200F41EED /* 1984.txt in Resources */,
				45308283154064A200AA38EB /* README.txt in Resources */,
				45081C261552E846005674CA /* COPYING in Resources */,
			);
			runOnlyForDeploymentPostprocessing = 0;
		};
		451678D21537A99B00B45007 /* Resources */ = {
			isa = PBXResourcesBuildPhase;
			buildActionMask = 2147483647;
			files = (
				451678E01537A99B00B45007 /* InfoPlist.strings in Resources */,
			);
			runOnlyForDeploymentPostprocessing = 0;
		};
/* End PBXResourcesBuildPhase section */

/* Begin PBXShellScriptBuildPhase section */
		451678D31537A99B00B45007 /* ShellScript */ = {
			isa = PBXShellScriptBuildPhase;
			buildActionMask = 2147483647;
			files = (
			);
			inputPaths = (
			);
			outputPaths = (
			);
			runOnlyForDeploymentPostprocessing = 0;
			shellPath = /bin/sh;
			shellScript = "# Run the unit tests in this test bundle.\n\"${SYSTEM_DEVELOPER_DIR}/Tools/RunUnitTests\"\n";
		};
/* End PBXShellScriptBuildPhase section */

/* Begin PBXSourcesBuildPhase section */
		451678B01537A99A00B45007 /* Sources */ = {
			isa = PBXSourcesBuildPhase;
			buildActionMask = 2147483647;
			files = (
				451678C51537A99A00B45007 /* main.m in Sources */,
				451678CC1537A99A00B45007 /* spyAppDelegate.m in Sources */,
				45240A0D153DAEE90029B229 /* HSCryptoFunctions.m in Sources */,
				45240A15153DB1470029B229 /* HSTextEncryptor.m in Sources */,
				45013CB5153F0246007A557F /* HSImageEncryptor.m in Sources */,
				4530828015404D3300AA38EB /* HSKeyLibrary.m in Sources */,
			);
			runOnlyForDeploymentPostprocessing = 0;
		};
		451678D01537A99B00B45007 /* Sources */ = {
			isa = PBXSourcesBuildPhase;
			buildActionMask = 2147483647;
			files = (
				451678E31537A99B00B45007 /* SpyToolsTests.m in Sources */,
			);
			runOnlyForDeploymentPostprocessing = 0;
		};
/* End PBXSourcesBuildPhase section */

/* Begin PBXTargetDependency section */
		451678DA1537A99B00B45007 /* PBXTargetDependency */ = {
			isa = PBXTargetDependency;
			target = 451678B31537A99A00B45007 /* SpyTools */;
			targetProxy = 451678D91537A99B00B45007 /* PBXContainerItemProxy */;
		};
/* End PBXTargetDependency section */

/* Begin PBXVariantGroup section */
		451678C11537A99A00B45007 /* InfoPlist.strings */ = {
			isa = PBXVariantGroup;
			children = (
				451678C21537A99A00B45007 /* en */,
			);
			name = InfoPlist.strings;
			sourceTree = "<group>";
		};
		451678C71537A99A00B45007 /* Credits.rtf */ = {
			isa = PBXVariantGroup;
			children = (
				451678C81537A99A00B45007 /* en */,
			);
			name = Credits.rtf;
			sourceTree = "<group>";
		};
		451678CD1537A99A00B45007 /* MainMenu.xib */ = {
			isa = PBXVariantGroup;
			children = (
				451678CE1537A99A00B45007 /* en */,
			);
			name = MainMenu.xib;
			sourceTree = "<group>";
		};
		451678DE1537A99B00B45007 /* InfoPlist.strings */ = {
			isa = PBXVariantGroup;
			children = (
				451678DF1537A99B00B45007 /* en */,
			);
			name = InfoPlist.strings;
			sourceTree = "<group>";
		};
/* End PBXVariantGroup section */

/* Begin XCBuildConfiguration section */
		451678E41537A99B00B45007 /* Debug */ = {
			isa = XCBuildConfiguration;
			buildSettings = {
				ALWAYS_SEARCH_USER_PATHS = NO;
				ARCHS = "$(ARCHS_STANDARD_64_BIT)";
				CLANG_ENABLE_OBJC_ARC = YES;
				COPY_PHASE_STRIP = NO;
				GCC_C_LANGUAGE_STANDARD = gnu99;
				GCC_DYNAMIC_NO_PIC = NO;
				GCC_ENABLE_OBJC_EXCEPTIONS = YES;
				GCC_OPTIMIZATION_LEVEL = 0;
				GCC_PREPROCESSOR_DEFINITIONS = (
					"DEBUG=1",
					"$(inherited)",
				);
				GCC_SYMBOLS_PRIVATE_EXTERN = NO;
				GCC_VERSION = com.apple.compilers.llvm.clang.1_0;
				GCC_WARN_64_TO_32_BIT_CONVERSION = YES;
				GCC_WARN_ABOUT_RETURN_TYPE = YES;
				GCC_WARN_UNINITIALIZED_AUTOS = YES;
				GCC_WARN_UNUSED_VARIABLE = YES;
				MACOSX_DEPLOYMENT_TARGET = 10.7;
				ONLY_ACTIVE_ARCH = YES;
				SDKROOT = macosx;
			};
			name = Debug;
		};
		451678E51537A99B00B45007 /* Release */ = {
			isa = XCBuildConfiguration;
			buildSettings = {
				ALWAYS_SEARCH_USER_PATHS = NO;
				ARCHS = "$(ARCHS_STANDARD_64_BIT)";
				CLANG_ENABLE_OBJC_ARC = YES;
				COPY_PHASE_STRIP = YES;
				DEBUG_INFORMATION_FORMAT = "dwarf-with-dsym";
				GCC_C_LANGUAGE_STANDARD = gnu99;
				GCC_ENABLE_OBJC_EXCEPTIONS = YES;
				GCC_VERSION = com.apple.compilers.llvm.clang.1_0;
				GCC_WARN_64_TO_32_BIT_CONVERSION = YES;
				GCC_WARN_ABOUT_RETURN_TYPE = YES;
				GCC_WARN_UNINITIALIZED_AUTOS = YES;
				GCC_WARN_UNUSED_VARIABLE = YES;
				MACOSX_DEPLOYMENT_TARGET = 10.7;
				SDKROOT = macosx;
			};
			name = Release;
		};
		451678E71537A99B00B45007 /* Debug */ = {
			isa = XCBuildConfiguration;
			buildSettings = {
				GCC_PRECOMPILE_PREFIX_HEADER = YES;
				GCC_PREFIX_HEADER = "SpyTools/SpyTools-Prefix.pch";
				INFOPLIST_FILE = "SpyTools/SpyTools-Info.plist";
				PRODUCT_NAME = "$(TARGET_NAME)";
				WRAPPER_EXTENSION = app;
			};
			name = Debug;
		};
		451678E81537A99B00B45007 /* Release */ = {
			isa = XCBuildConfiguration;
			buildSettings = {
				GCC_PRECOMPILE_PREFIX_HEADER = YES;
				GCC_PREFIX_HEADER = "SpyTools/SpyTools-Prefix.pch";
				INFOPLIST_FILE = "SpyTools/SpyTools-Info.plist";
				PRODUCT_NAME = "$(TARGET_NAME)";
				WRAPPER_EXTENSION = app;
			};
			name = Release;
		};
		451678EA1537A99B00B45007 /* Debug */ = {
			isa = XCBuildConfiguration;
			buildSettings = {
				BUNDLE_LOADER = "$(BUILT_PRODUCTS_DIR)/SpyTools.app/Contents/MacOS/SpyTools";
				FRAMEWORK_SEARCH_PATHS = "$(DEVELOPER_LIBRARY_DIR)/Frameworks";
				GCC_PRECOMPILE_PREFIX_HEADER = YES;
				GCC_PREFIX_HEADER = "SpyTools/SpyTools-Prefix.pch";
				INFOPLIST_FILE = "SpyToolsTests/SpyToolsTests-Info.plist";
				PRODUCT_NAME = "$(TARGET_NAME)";
				TEST_HOST = "$(BUNDLE_LOADER)";
				WRAPPER_EXTENSION = octest;
			};
			name = Debug;
		};
		451678EB1537A99B00B45007 /* Release */ = {
			isa = XCBuildConfiguration;
			buildSettings = {
				BUNDLE_LOADER = "$(BUILT_PRODUCTS_DIR)/SpyTools.app/Contents/MacOS/SpyTools";
				FRAMEWORK_SEARCH_PATHS = "$(DEVELOPER_LIBRARY_DIR)/Frameworks";
				GCC_PRECOMPILE_PREFIX_HEADER = YES;
				GCC_PREFIX_HEADER = "SpyTools/SpyTools-Prefix.pch";
				INFOPLIST_FILE = "SpyToolsTests/SpyToolsTests-Info.plist";
				PRODUCT_NAME = "$(TARGET_NAME)";
				TEST_HOST = "$(BUNDLE_LOADER)";
				WRAPPER_EXTENSION = octest;
			};
			name = Release;
		};
/* End XCBuildConfiguration section */

/* Begin XCConfigurationList section */
		451678AE1537A99900B45007 /* Build configuration list for PBXProject "SpyTools" */ = {
			isa = XCConfigurationList;
			buildConfigurations = (
				451678E41537A99B00B45007 /* Debug */,
				451678E51537A99B00B45007 /* Release */,
			);
			defaultConfigurationIsVisible = 0;
			defaultConfigurationName = Release;
		};
		451678E61537A99B00B45007 /* Build configuration list for PBXNativeTarget "SpyTools" */ = {
			isa = XCConfigurationList;
			buildConfigurations = (
				451678E71537A99B00B45007 /* Debug */,
				451678E81537A99B00B45007 /* Release */,
			);
			defaultConfigurationIsVisible = 0;
			defaultConfigurationName = Release;
		};
		451678E91537A99B00B45007 /* Build configuration list for PBXNativeTarget "SpyToolsTests" */ = {
			isa = XCConfigurationList;
			buildConfigurations = (
				451678EA1537A99B00B45007 /* Debug */,
				451678EB1537A99B00B45007 /* Release */,
			);
			defaultConfigurationIsVisible = 0;
			defaultConfigurationName = Release;
		};
/* End XCConfigurationList section */
	};
	rootObject = 451678AB1537A99900B45007 /* Project object */;
}
